
Microsoft Visual Studio Solution File, Format Version 12.00
# Visual Studio 2013
VisualStudioVersion = 12.0.31101.0
MinimumVisualStudioVersion = 10.0.40219.1
Project("{FAE04EC0-301F-11D3-BF4B-00C04F79EFBC}") = "BuildingBlocks", "BuildingBlocks\BuildingBlocks.csproj", "{E3C8DCE2-74B7-44A3-B27B-3B41ED8A1719}"
EndProject
Project("{FAE04EC0-301F-11D3-BF4B-00C04F79EFBC}") = "BuildingBlocks.Tests", "BuildingBlocks.Tests\BuildingBlocks.Tests.csproj", "{B7640C27-10D7-4D71-860B-91ABF04B81D2}"
EndProject
Project("{FAE04EC0-301F-11D3-BF4B-00C04F79EFBC}") = "BuildingBlocks.Data.NHibernate", "BuildingBlocks.Data.NHibernate\BuildingBlocks.Data.NHibernate.csproj", "{CC217EA2-CE18-4E0B-9DC5-3336C9961A58}"
EndProject
Project("{FAE04EC0-301F-11D3-BF4B-00C04F79EFBC}") = "BuildingBlocks.Data.NHibernate.Tests", "BuildingBlocks.Data.NHibernate.Tests\BuildingBlocks.Data.NHibernate.Tests.csproj", "{A441A05F-BEF3-4AE8-9500-481D6C996FB4}"
EndProject
Project("{2150E333-8FDC-42A3-9474-1A3956D46DE8}") = "Sample", "Sample", "{3536AECD-1200-404B-AB17-FC400D9FB1B1}"
EndProject
Project("{FAE04EC0-301F-11D3-BF4B-00C04F79EFBC}") = "BuildingBlocks.Sample.Web", "BuildingBlocks.Sample.Web\BuildingBlocks.Sample.Web.csproj", "{302164C7-7A64-4BAC-8E4C-DD25C86666F7}"
EndProject
Global
	GlobalSection(SolutionConfigurationPlatforms) = preSolution
		Debug|Any CPU = Debug|Any CPU
		Release|Any CPU = Release|Any CPU
	EndGlobalSection
	GlobalSection(ProjectConfigurationPlatforms) = postSolution
		{E3C8DCE2-74B7-44A3-B27B-3B41ED8A1719}.Debug|Any CPU.ActiveCfg = Debug|Any CPU
		{E3C8DCE2-74B7-44A3-B27B-3B41ED8A1719}.Debug|Any CPU.Build.0 = Debug|Any CPU
		{E3C8DCE2-74B7-44A3-B27B-3B41ED8A1719}.Release|Any CPU.ActiveCfg = Release|Any CPU
		{E3C8DCE2-74B7-44A3-B27B-3B41ED8A1719}.Release|Any CPU.Build.0 = Release|Any CPU
		{B7640C27-10D7-4D71-860B-91ABF04B81D2}.Debug|Any CPU.ActiveCfg = Debug|Any CPU
		{B7640C27-10D7-4D71-860B-91ABF04B81D2}.Debug|Any CPU.Build.0 = Debug|Any CPU
		{B7640C27-10D7-4D71-860B-91ABF04B81D2}.Release|Any CPU.ActiveCfg = Release|Any CPU
		{B7640C27-10D7-4D71-860B-91ABF04B81D2}.Release|Any CPU.Build.0 = Release|Any CPU
		{CC217EA2-CE18-4E0B-9DC5-3336C9961A58}.Debug|Any CPU.ActiveCfg = Debug|Any CPU
		{CC217EA2-CE18-4E0B-9DC5-3336C9961A58}.Debug|Any CPU.Build.0 = Debug|Any CPU
		{CC217EA2-CE18-4E0B-9DC5-3336C9961A58}.Release|Any CPU.ActiveCfg = Release|Any CPU
		{CC217EA2-CE18-4E0B-9DC5-3336C9961A58}.Release|Any CPU.Build.0 = Release|Any CPU
		{A441A05F-BEF3-4AE8-9500-481D6C996FB4}.Debug|Any CPU.ActiveCfg = Debug|Any CPU
		{A441A05F-BEF3-4AE8-9500-481D6C996FB4}.Debug|Any CPU.Build.0 = Debug|Any CPU
		{A441A05F-BEF3-4AE8-9500-481D6C996FB4}.Release|Any CPU.ActiveCfg = Release|Any CPU
		{A441A05F-BEF3-4AE8-9500-481D6C996FB4}.Release|Any CPU.Build.0 = Release|Any CPU
		{302164C7-7A64-4BAC-8E4C-DD25C86666F7}.Debug|Any CPU.ActiveCfg = Debug|Any CPU
		{302164C7-7A64-4BAC-8E4C-DD25C86666F7}.Debug|Any CPU.Build.0 = Debug|Any CPU
		{302164C7-7A64-4BAC-8E4C-DD25C86666F7}.Release|Any CPU.ActiveCfg = Release|Any CPU
		{302164C7-7A64-4BAC-8E4C-DD25C86666F7}.Release|Any CPU.Build.0 = Release|Any CPU
	EndGlobalSection
	GlobalSection(SolutionProperties) = preSolution
		HideSolutionNode = FALSE
	EndGlobalSection
	GlobalSection(NestedProjects) = preSolution
		{302164C7-7A64-4BAC-8E4C-DD25C86666F7} = {3536AECD-1200-404B-AB17-FC400D9FB1B1}
	EndGlobalSection
EndGlobal
